
Microsoft Visual Studio Solution File, Format Version 12.00
# Visual Studio Version 17
VisualStudioVersion = 17.2.32526.322
MinimumVisualStudioVersion = 10.0.40219.1
Project("{FAE04EC0-301F-11D3-BF4B-00C04F79EFBC}") = "MapForms", "MapForms\MapForms.csproj", "{D386BDD2-DA3F-4E26-9AAD-9790D8E7D17D}"
EndProject
Project("{9A19103F-16F7-4668-BE54-9A1E7A4F7556}") = "MapWPF", "MapWPF\MapWPF.csproj", "{D7AEE5C9-039C-49C1-929F-BBF81B8B4FF6}"
EndProject
Project("{FAE04EC0-301F-11D3-BF4B-00C04F79EFBC}") = "MapProcassor", "MapProcassor\MapProcassor.csproj", "{C6FC8BC2-63D5-4E8E-811D-6E9EFCAD79C3}"
EndProject
Global
	GlobalSection(SolutionConfigurationPlatforms) = preSolution
		Debug|Any CPU = Debug|Any CPU
		Release|Any CPU = Release|Any CPU
	EndGlobalSection
	GlobalSection(ProjectConfigurationPlatforms) = postSolution
		{D386BDD2-DA3F-4E26-9AAD-9790D8E7D17D}.Debug|Any CPU.ActiveCfg = Debug|Any CPU
		{D386BDD2-DA3F-4E26-9AAD-9790D8E7D17D}.Debug|Any CPU.Build.0 = Debug|Any CPU
		{D386BDD2-DA3F-4E26-9AAD-9790D8E7D17D}.Release|Any CPU.ActiveCfg = Release|Any CPU
		{D386BDD2-DA3F-4E26-9AAD-9790D8E7D17D}.Release|Any CPU.Build.0 = Release|Any CPU
		{D7AEE5C9-039C-49C1-929F-BBF81B8B4FF6}.Debug|Any CPU.ActiveCfg = Debug|Any CPU
		{D7AEE5C9-039C-49C1-929F-BBF81B8B4FF6}.Debug|Any CPU.Build.0 = Debug|Any CPU
		{D7AEE5C9-039C-49C1-929F-BBF81B8B4FF6}.Release|Any CPU.ActiveCfg = Release|Any CPU
		{D7AEE5C9-039C-49C1-929F-BBF81B8B4FF6}.Release|Any CPU.Build.0 = Release|Any CPU
		{C6FC8BC2-63D5-4E8E-811D-6E9EFCAD79C3}.Debug|Any CPU.ActiveCfg = Debug|Any CPU
		{C6FC8BC2-63D5-4E8E-811D-6E9EFCAD79C3}.Debug|Any CPU.Build.0 = Debug|Any CPU
		{C6FC8BC2-63D5-4E8E-811D-6E9EFCAD79C3}.Release|Any CPU.ActiveCfg = Release|Any CPU
		{C6FC8BC2-63D5-4E8E-811D-6E9EFCAD79C3}.Release|Any CPU.Build.0 = Release|Any CPU
	EndGlobalSection
	GlobalSection(SolutionProperties) = preSolution
		HideSolutionNode = FALSE
	EndGlobalSection
	GlobalSection(ExtensibilityGlobals) = postSolution
		SolutionGuid = {6E220082-A060-44E4-84DB-63ACEDD0B653}
	EndGlobalSection
EndGlobal
